// !$*UTF8*$!
{
	archiveVersion = 1;
	classes = {
	};
	objectVersion = 46;
	objects = {

/* Begin PBXBuildFile section */
		43B005BE1C5BBB53000F5615 /* AppDelegate.swift in Sources */ = {isa = PBXBuildFile; fileRef = 43B005BD1C5BBB53000F5615 /* AppDelegate.swift */; };
		43B005C01C5BBB53000F5615 /* ViewController.swift in Sources */ = {isa = PBXBuildFile; fileRef = 43B005BF1C5BBB53000F5615 /* ViewController.swift */; };
		43B005C31C5BBB53000F5615 /* Main.storyboard in Resources */ = {isa = PBXBuildFile; fileRef = 43B005C11C5BBB53000F5615 /* Main.storyboard */; };
		43B005C51C5BBB53000F5615 /* Assets.xcassets in Resources */ = {isa = PBXBuildFile; fileRef = 43B005C41C5BBB53000F5615 /* Assets.xcassets */; };
		43B005C81C5BBB53000F5615 /* LaunchScreen.storyboard in Resources */ = {isa = PBXBuildFile; fileRef = 43B005C61C5BBB53000F5615 /* LaunchScreen.storyboard */; };
/* End PBXBuildFile section */

/* Begin PBXFileReference section */
		43B005BA1C5BBB53000F5615 /* NSCodingProtocol.app */ = {isa = PBXFileReference; explicitFileType = wrapper.application; includeInIndex = 0; path = NSCodingProtocol.app; sourceTree = BUILT_PRODUCTS_DIR; };
		43B005BD1C5BBB53000F5615 /* AppDelegate.swift */ = {isa = PBXFileReference; lastKnownFileType = sourcecode.swift; path = AppDelegate.swift; sourceTree = "<group>"; };
		43B005BF1C5BBB53000F5615 /* ViewController.swift */ = {isa = PBXFileReference; lastKnownFileType = sourcecode.swift; path = ViewController.swift; sourceTree = "<group>"; };
		43B005C21C5BBB53000F5615 /* Base */ = {isa = PBXFileReference; lastKnownFileType = file.storyboard; name = Base; path = Base.lproj/Main.storyboard; sourceTree = "<group>"; };
		43B005C41C5BBB53000F5615 /* Assets.xcassets */ = {isa = PBXFileReference; lastKnownFileType = folder.assetcatalog; path = Assets.xcassets; sourceTree = "<group>"; };
		43B005C71C5BBB53000F5615 /* Base */ = {isa = PBXFileReference; lastKnownFileType = file.storyboard; name = Base; path = Base.lproj/LaunchScreen.storyboard; sourceTree = "<group>"; };
		43B005C91C5BBB53000F5615 /* Info.plist */ = {isa = PBXFileReference; lastKnownFileType = text.plist.xml; path = Info.plist; sourceTree = "<group>"; };
/* End PBXFileReference section */

/* Begin PBXFrameworksBuildPhase section */
		43B005B71C5BBB53000F5615 /* Frameworks */ = {
			isa = PBXFrameworksBuildPhase;
			buildActionMask = 2147483647;
			files = (
			);
			runOnlyForDeploymentPostprocessing = 0;
		};
/* End PBXFrameworksBuildPhase section */

/* Begin PBXGroup section */
		43B005B11C5BBB53000F5615 = {
			isa = PBXGroup;
			children = (
				43B005BC1C5BBB53000F5615 /* NSCodingProtocol */,
				43B005BB1C5BBB53000F5615 /* Products */,
			);
			sourceTree = "<group>";
		};
		43B005BB1C5BBB53000F5615 /* Products */ = {
			isa = PBXGroup;
			children = (
				43B005BA1C5BBB53000F5615 /* NSCodingProtocol.app */,
			);
			name = Products;
			sourceTree = "<group>";
		};
		43B005BC1C5BBB53000F5615 /* NSCodingProtocol */ = {
			isa = PBXGroup;
			children = (
				43B005BD1C5BBB53000F5615 /* AppDelegate.swift */,
				43B005BF1C5BBB53000F5615 /* ViewController.swift */,
				43B005C11C5BBB53000F5615 /* Main.storyboard */,
				43B005C41C5BBB53000F5615 /* Assets.xcassets */,
				43B005C61C5BBB53000F5615 /* LaunchScreen.storyboard */,
				43B005C91C5BBB53000F5615 /* Info.plist */,
			);
			path = NSCodingProtocol;
			sourceTree = "<group>";
		};
/* End PBXGroup section */

/* Begin PBXNativeTarget section */
		43B005B91C5BBB53000F5615 /* NSCodingProtocol */ = {
			isa = PBXNativeTarget;
			buildConfigurationList = 43B005CC1C5BBB53000F5615 /* Build configuration list for PBXNativeTarget "NSCodingProtocol" */;
			buildPhases = (
				43B005B61C5BBB53000F5615 /* Sources */,
				43B005B71C5BBB53000F5615 /* Frameworks */,
				43B005B81C5BBB53000F5615 /* Resources */,
			);
			buildRules = (
			);
			dependencies = (
			);
			name = NSCodingProtocol;
			productName = NSCodingProtocol;
			productReference = 43B005BA1C5BBB53000F5615 /* NSCodingProtocol.app */;
			productType = "com.apple.product-type.application";
		};
/* End PBXNativeTarget section */

/* Begin PBXProject section */
		43B005B21C5BBB53000F5615 /* Project object */ = {
			isa = PBXProject;
			attributes = {
				LastSwiftUpdateCheck = 0720;
				LastUpgradeCheck = 0720;
				ORGANIZATIONNAME = "Jens Kohl";
				TargetAttributes = {
					43B005B91C5BBB53000F5615 = {
						CreatedOnToolsVersion = 7.2;
					};
				};
			};
			buildConfigurationList = 43B005B51C5BBB53000F5615 /* Build configuration list for PBXProject "NSCodingProtocol" */;
			compatibilityVersion = "Xcode 3.2";
			developmentRegion = English;
			hasScannedForEncodings = 0;
			knownRegions = (
				en,
				Base,
			);
			mainGroup = 43B005B11C5BBB53000F5615;
			productRefGroup = 43B005BB1C5BBB53000F5615 /* Products */;
			projectDirPath = "";
			projectRoot = "";
			targets = (
				43B005B91C5BBB53000F5615 /* NSCodingProtocol */,
			);
		};
/* End PBXProject section */

/* Begin PBXResourcesBuildPhase section */
		43B005B81C5BBB53000F5615 /* Resources */ = {
			isa = PBXResourcesBuildPhase;
			buildActionMask = 2147483647;
			files = (
				43B005C81C5BBB53000F5615 /* LaunchScreen.storyboard in Resources */,
				43B005C51C5BBB53000F5615 /* Assets.xcassets in Resources */,
				43B005C31C5BBB53000F5615 /* Main.storyboard in Resources */,
			);
			runOnlyForDeploymentPostprocessing = 0;
		};
/* End PBXResourcesBuildPhase section */

/* Begin PBXSourcesBuildPhase section */
		43B005B61C5BBB53000F5615 /* Sources */ = {
			isa = PBXSourcesBuildPhase;
			buildActionMask = 2147483647;
			files = (
				43B005C01C5BBB53000F5615 /* ViewController.swift in Sources */,
				43B005BE1C5BBB53000F5615 /* AppDelegate.swift in Sources */,
			);
			runOnlyForDeploymentPostprocessing = 0;
		};
/* End PBXSourcesBuildPhase section */

/* Begin PBXVariantGroup section */
		43B005C11C5BBB53000F5615 /* Main.storyboard */ = {
			isa = PBXVariantGroup;
			children = (
				43B005C21C5BBB53000F5615 /* Base */,
			);
			name = Main.storyboard;
			sourceTree = "<group>";
		};
		43B005C61C5BBB53000F5615 /* LaunchScreen.storyboard */ = {
			isa = PBXVariantGroup;
			children = (
				43B005C71C5BBB53000F5615 /* Base */,
			);
			name = LaunchScreen.storyboard;
			sourceTree = "<group>";
		};
/* End PBXVariantGroup section */

/* Begin XCBuildConfiguration section */
		43B005CA1C5BBB53000F5615 /* Debug */ = {
			isa = XCBuildConfiguration;
			buildSettings = {
				ALWAYS_SEARCH_USER_PATHS = NO;
				CLANG_CXX_LANGUAGE_STANDARD = "gnu++0x";
				CLANG_CXX_LIBRARY = "libc++";
				CLANG_ENABLE_MODULES = YES;
				CLANG_ENABLE_OBJC_ARC = YES;
				CLANG_WARN_BOOL_CONVERSION = YES;
				CLANG_WARN_CONSTANT_CONVERSION = YES;
				CLANG_WARN_DIRECT_OBJC_ISA_USAGE = YES_ERROR;
				CLANG_WARN_EMPTY_BODY = YES;
				CLANG_WARN_ENUM_CONVERSION = YES;
				CLANG_WARN_INT_CONVERSION = YES;
				CLANG_WARN_OBJC_ROOT_CLASS = YES_ERROR;
				CLANG_WARN_UNREACHABLE_CODE = YES;
				CLANG_WARN__DUPLICATE_METHOD_MATCH = YES;
				"CODE_SIGN_IDENTITY[sdk=iphoneos*]" = "iPhone Developer";
				COPY_PHASE_STRIP = NO;
				DEBUG_INFORMATION_FORMAT = dwarf;
				ENABLE_STRICT_OBJC_MSGSEND = YES;
				ENABLE_TESTABILITY = YES;
				GCC_C_LANGUAGE_STANDARD = gnu99;
				GCC_DYNAMIC_NO_PIC = NO;
				GCC_NO_COMMON_BLOCKS = YES;
				GCC_OPTIMIZATION_LEVEL = 0;
				GCC_PREPROCESSOR_DEFINITIONS = (
					"DEBUG=1",
					"$(inherited)",
				);
				GCC_WARN_64_TO_32_BIT_CONVERSION = YES;
				GCC_WARN_ABOUT_RETURN_TYPE = YES_ERROR;
				GCC_WARN_UNDECLARED_SELECTOR = YES;
				GCC_WARN_UNINITIALIZED_AUTOS = YES_AGGRESSIVE;
				GCC_WARN_UNUSED_FUNCTION = YES;
				GCC_WARN_UNUSED_VARIABLE = YES;
				IPHONEOS_DEPLOYMENT_TARGET = 9.2;
				MTL_ENABLE_DEBUG_INFO = YES;
				ONLY_ACTIVE_ARCH = YES;
				SDKROOT = iphoneos;
				SWIFT_OPTIMIZATION_LEVEL = "-Onone";
			};
			name = Debug;
		};
		43B005CB1C5BBB53000F5615 /* Release */ = {
			isa = XCBuildConfiguration;
			buildSettings = {
				ALWAYS_SEARCH_USER_PATHS = NO;
				CLANG_CXX_LANGUAGE_STANDARD = "gnu++0x";
				CLANG_CXX_LIBRARY = "libc++";
				CLANG_ENABLE_MODULES = YES;
				CLANG_ENABLE_OBJC_ARC = YES;
				CLANG_WARN_BOOL_CONVERSION = YES;
				CLANG_WARN_CONSTANT_CONVERSION = YES;
				CLANG_WARN_DIRECT_OBJC_ISA_USAGE = YES_ERROR;
				CLANG_WARN_EMPTY_BODY = YES;
				CLANG_WARN_ENUM_CONVERSION = YES;
				CLANG_WARN_INT_CONVERSION = YES;
				CLANG_WARN_OBJC_ROOT_CLASS = YES_ERROR;
				CLANG_WARN_UNREACHABLE_CODE = YES;
				CLANG_WARN__DUPLICATE_METHOD_MATCH = YES;
				"CODE_SIGN_IDENTITY[sdk=iphoneos*]" = "iPhone Developer";
				COPY_PHASE_STRIP = NO;
				DEBUG_INFORMATION_FORMAT = "dwarf-with-dsym";
				ENABLE_NS_ASSERTIONS = NO;
				ENABLE_STRICT_OBJC_MSGSEND = YES;
				GCC_C_LANGUAGE_STANDARD = gnu99;
				GCC_NO_COMMON_BLOCKS = YES;
				GCC_WARN_64_TO_32_BIT_CONVERSION = YES;
				GCC_WARN_ABOUT_RETURN_TYPE = YES_ERROR;
				GCC_WARN_UNDECLARED_SELECTOR = YES;
				GCC_WARN_UNINITIALIZED_AUTOS = YES_AGGRESSIVE;
				GCC_WARN_UNUSED_FUNCTION = YES;
				GCC_WARN_UNUSED_VARIABLE = YES;
				IPHONEOS_DEPLOYMENT_TARGET = 9.2;
				MTL_ENABLE_DEBUG_INFO = NO;
				SDKROOT = iphoneos;
				VALIDATE_PRODUCT = YES;
			};
			name = Release;
		};
		43B005CD1C5BBB53000F5615 /* Debug */ = {
			isa = XCBuildConfiguration;
			buildSettings = {
				ASSETCATALOG_COMPILER_APPICON_NAME = AppIcon;
				INFOPLIST_FILE = NSCodingProtocol/Info.plist;
				LD_RUNPATH_SEARCH_PATHS = "$(inherited) @executable_path/Frameworks";
				PRODUCT_BUNDLE_IDENTIFIER = com.jkohl.NSCodingProtocol;
				PRODUCT_NAME = "$(TARGET_NAME)";
			};
			name = Debug;
		};
		43B005CE1C5BBB53000F5615 /* Release */ = {
			isa = XCBuildConfiguration;
			buildSettings = {
				ASSETCATALOG_COMPILER_APPICON_NAME = AppIcon;
				INFOPLIST_FILE = NSCodingProtocol/Info.plist;
				LD_RUNPATH_SEARCH_PATHS = "$(inherited) @executable_path/Frameworks";
				PRODUCT_BUNDLE_IDENTIFIER = com.jkohl.NSCodingProtocol;
				PRODUCT_NAME = "$(TARGET_NAME)";
			};
			name = Release;
		};
/* End XCBuildConfiguration section */

/* Begin XCConfigurationList section */
		43B005B51C5BBB53000F5615 /* Build configuration list for PBXProject "NSCodingProtocol" */ = {
			isa = XCConfigurationList;
			buildConfigurations = (
				43B005CA1C5BBB53000F5615 /* Debug */,
				43B005CB1C5BBB53000F5615 /* Release */,
			);
			defaultConfigurationIsVisible = 0;
			defaultConfigurationName = Release;
		};
		43B005CC1C5BBB53000F5615 /* Build configuration list for PBXNativeTarget "NSCodingProtocol" */ = {
			isa = XCConfigurationList;
			buildConfigurations = (
				43B005CD1C5BBB53000F5615 /* Debug */,
				43B005CE1C5BBB53000F5615 /* Release */,
			);
			defaultConfigurationIsVisible = 0;
		};
/* End XCConfigurationList section */
	};
	rootObject = 43B005B21C5BBB53000F5615 /* Project object */;
}
